
Microsoft Visual Studio Solution File, Format Version 12.00
# Visual Studio Version 16
VisualStudioVersion = 16.0.32106.194
MinimumVisualStudioVersion = 10.0.40219.1
Project("{FAE04EC0-301F-11D3-BF4B-00C04F79EFBC}") = "GW2ApiData", "GW2ApiData\GW2ApiData.csproj", "{ABCA0216-9522-40B1-9D2B-778AE70C48C1}"
EndProject
Global
	GlobalSection(SolutionConfigurationPlatforms) = preSolution
		Debug|Any CPU = Debug|Any CPU
		Release|Any CPU = Release|Any CPU
	EndGlobalSection
	GlobalSection(ProjectConfigurationPlatforms) = postSolution
		{ABCA0216-9522-40B1-9D2B-778AE70C48C1}.Debug|Any CPU.ActiveCfg = Debug|Any CPU
		{ABCA0216-9522-40B1-9D2B-778AE70C48C1}.Debug|Any CPU.Build.0 = Debug|Any CPU
		{ABCA0216-9522-40B1-9D2B-778AE70C48C1}.Release|Any CPU.ActiveCfg = Release|Any CPU
		{ABCA0216-9522-40B1-9D2B-778AE70C48C1}.Release|Any CPU.Build.0 = Release|Any CPU
	EndGlobalSection
	GlobalSection(SolutionProperties) = preSolution
		HideSolutionNode = FALSE
	EndGlobalSection
	GlobalSection(ExtensibilityGlobals) = postSolution
		SolutionGuid = {0C40A015-C8C5-4EBC-B018-E4175E0D5ECA}
	EndGlobalSection
EndGlobal
